{
	"name": "@types/connect-session-sequelize",
	"version": "1.1.0",
	"lockfileVersion": 1,
	"requires": true,
	"dependencies": {
		"@types/bluebird": {
			"version": "3.5.29",
			"resolved": "https://registry.npmjs.org/@types/bluebird/-/bluebird-3.5.29.tgz",
			"integrity": "sha512-kmVtnxTuUuhCET669irqQmPAez4KFnFVKvpleVRyfC3g+SHD1hIkFZcWLim9BVcwUBLO59o8VZE4yGCmTif8Yw=="
		},
		"@types/body-parser": {
			"version": "1.17.1",
			"resolved": "https://registry.npmjs.org/@types/body-parser/-/body-parser-1.17.1.tgz",
			"integrity": "sha512-RoX2EZjMiFMjZh9lmYrwgoP9RTpAjSHiJxdp4oidAQVO02T7HER3xj9UKue5534ULWeqVEkujhWcyvUce+d68w==",
			"requires": {
				"@types/connect": "*",
				"@types/node": "*"
			}
		},
		"@types/connect": {
			"version": "3.4.33",
			"resolved": "https://registry.npmjs.org/@types/connect/-/connect-3.4.33.tgz",
			"integrity": "sha512-2+FrkXY4zllzTNfJth7jOqEHC+enpLeGslEhpnTAkg21GkRrWV4SsAtqchtT4YS9/nODBU2/ZfsBY2X4J/dX7A==",
			"requires": {
				"@types/node": "*"
			}
		},
		"@types/continuation-local-storage": {
			"version": "3.2.2",
			"resolved": "https://registry.npmjs.org/@types/continuation-local-storage/-/continuation-local-storage-3.2.2.tgz",
			"integrity": "sha512-aItm+aYPJ4rT1cHmAxO+OdWjSviQ9iB5UKb5f0Uvgln0N4hS2mcDodHtPiqicYBXViUYhqyBjhA5uyOcT+S34Q==",
			"requires": {
				"@types/node": "*"
			}
		},
		"@types/express": {
			"version": "4.17.2",
			"resolved": "https://registry.npmjs.org/@types/express/-/express-4.17.2.tgz",
			"integrity": "sha512-5mHFNyavtLoJmnusB8OKJ5bshSzw+qkMIBAobLrIM48HJvunFva9mOa6aBwh64lBFyNwBbs0xiEFuj4eU/NjCA==",
			"requires": {
				"@types/body-parser": "*",
				"@types/express-serve-static-core": "*",
				"@types/serve-static": "*"
			}
		},
		"@types/express-serve-static-core": {
			"version": "4.17.2",
			"resolved": "https://registry.npmjs.org/@types/express-serve-static-core/-/express-serve-static-core-4.17.2.tgz",
			"integrity": "sha512-El9yMpctM6tORDAiBwZVLMcxoTMcqqRO9dVyYcn7ycLWbvR8klrDn8CAOwRfZujZtWD7yS/mshTdz43jMOejbg==",
			"requires": {
				"@types/node": "*",
				"@types/range-parser": "*"
			}
		},
		"@types/express-session": {
			"version": "1.15.16",
			"resolved": "https://registry.npmjs.org/@types/express-session/-/express-session-1.15.16.tgz",
			"integrity": "sha512-vWQpNt9t/zc4bTX+Ow5powZb9n3NwOM0SYsAJ7PYj5vliB6FA40ye5sW5fZTw8+ekbzJf/sgvtQocf7IryJBJw==",
			"requires": {
				"@types/express": "*",
				"@types/node": "*"
			}
		},
		"@types/lodash": {
			"version": "4.14.149",
			"resolved": "https://registry.npmjs.org/@types/lodash/-/lodash-4.14.149.tgz",
			"integrity": "sha512-ijGqzZt/b7BfzcK9vTrS6MFljQRPn5BFWOx8oE0GYxribu6uV+aA9zZuXI1zc/etK9E8nrgdoF2+LgUw7+9tJQ=="
		},
		"@types/mime": {
			"version": "2.0.1",
			"resolved": "https://registry.npmjs.org/@types/mime/-/mime-2.0.1.tgz",
			"integrity": "sha512-FwI9gX75FgVBJ7ywgnq/P7tw+/o1GUbtP0KzbtusLigAOgIgNISRK0ZPl4qertvXSIE8YbsVJueQ90cDt9YYyw=="
		},
		"@types/node": {
			"version": "13.5.2",
			"resolved": "https://registry.npmjs.org/@types/node/-/node-13.5.2.tgz",
			"integrity": "sha512-Fr6a47c84PRLfd7M7u3/hEknyUdQrrBA6VoPmkze0tcflhU5UnpWEX2kn12ktA/lb+MNHSqFlSiPHIHsaErTPA=="
		},
		"@types/range-parser": {
			"version": "1.2.3",
			"resolved": "https://registry.npmjs.org/@types/range-parser/-/range-parser-1.2.3.tgz",
			"integrity": "sha512-ewFXqrQHlFsgc09MK5jP5iR7vumV/BYayNC6PgJO2LPe8vrnNFyjQjSppfEngITi0qvfKtzFvgKymGheFM9UOA=="
		},
		"@types/sequelize": {
			"version": "4.28.8",
			"resolved": "https://registry.npmjs.org/@types/sequelize/-/sequelize-4.28.8.tgz",
			"integrity": "sha512-3n/iSpOtO5NynSBgEJ+738DK/ctxkqnVMvdPLZxrbZrf/rQgNm8wgDPDSarS1rmluvOe5ZMRDF8DXhts5MIbag==",
			"requires": {
				"@types/bluebird": "*",
				"@types/continuation-local-storage": "*",
				"@types/lodash": "*",
				"@types/validator": "*"
			}
		},
		"@types/serve-static": {
			"version": "1.13.3",
			"resolved": "https://registry.npmjs.org/@types/serve-static/-/serve-static-1.13.3.tgz",
			"integrity": "sha512-oprSwp094zOglVrXdlo/4bAHtKTAxX6VT8FOZlBKrmyLbNvE1zxZyJ6yikMVtHIvwP45+ZQGJn+FdXGKTozq0g==",
			"requires": {
				"@types/express-serve-static-core": "*",
				"@types/mime": "*"
			}
		},
		"@types/validator": {
			"version": "12.0.1",
			"resolved": "https://registry.npmjs.org/@types/validator/-/validator-12.0.1.tgz",
			"integrity": "sha512-l57fIANZLMe8DArz+SDb+7ATXnDm15P7u2wHBw5mb0aSMd+UuvmvhouBF2hdLgQPDMJ39sh9g2MJO4GkZ0VAdQ=="
		}
	}
}
